// !$*UTF8*$!
{
	archiveVersion = 1;
	classes = {
	};
	objectVersion = 48;
	objects = {

/* Begin PBXBuildFile section */
		1AFD151CC48E86A9BE13F6BF /* Pods_RideShare.framework in Frameworks */ = {isa = PBXBuildFile; fileRef = E78C4F866199D96FC489D5C4 /* Pods_RideShare.framework */; };
		3E10E668201C2A6300AE7758 /* LeftSidenPanelVC.swift in Sources */ = {isa = PBXBuildFile; fileRef = 3E10E667201C2A6300AE7758 /* LeftSidenPanelVC.swift */; };
		3E10E66A201C2B3400AE7758 /* ContainerVC.swift in Sources */ = {isa = PBXBuildFile; fileRef = 3E10E669201C2B3400AE7758 /* ContainerVC.swift */; };
		3E10E66D201C2E8C00AE7758 /* CenterVCDelegate.swift in Sources */ = {isa = PBXBuildFile; fileRef = 3E10E66C201C2E8C00AE7758 /* CenterVCDelegate.swift */; };
		3E10E6702020028000AE7758 /* UIVIewExt.swift in Sources */ = {isa = PBXBuildFile; fileRef = 3E10E66F2020028000AE7758 /* UIVIewExt.swift */; };
		3E10E6722023FC1600AE7758 /* LoginVC.swift in Sources */ = {isa = PBXBuildFile; fileRef = 3E10E6712023FC1500AE7758 /* LoginVC.swift */; };
		3E744A2B2011735500D4D95B /* AppDelegate.swift in Sources */ = {isa = PBXBuildFile; fileRef = 3E744A2A2011735500D4D95B /* AppDelegate.swift */; };
		3E744A2D2011735500D4D95B /* HomeVC.swift in Sources */ = {isa = PBXBuildFile; fileRef = 3E744A2C2011735500D4D95B /* HomeVC.swift */; };
		3E744A302011735500D4D95B /* Main.storyboard in Resources */ = {isa = PBXBuildFile; fileRef = 3E744A2E2011735500D4D95B /* Main.storyboard */; };
		3E744A322011735500D4D95B /* Assets.xcassets in Resources */ = {isa = PBXBuildFile; fileRef = 3E744A312011735500D4D95B /* Assets.xcassets */; };
		3E744A352011735500D4D95B /* LaunchScreen.storyboard in Resources */ = {isa = PBXBuildFile; fileRef = 3E744A332011735500D4D95B /* LaunchScreen.storyboard */; };
		3E744A402016BD0600D4D95B /* GradientView.swift in Sources */ = {isa = PBXBuildFile; fileRef = 3E744A3F2016BD0600D4D95B /* GradientView.swift */; };
		3E744A422016C4BF00D4D95B /* RoundImageView.swift in Sources */ = {isa = PBXBuildFile; fileRef = 3E744A412016C4BF00D4D95B /* RoundImageView.swift */; };
		3E744A442016C67200D4D95B /* RoundedShadowView.swift in Sources */ = {isa = PBXBuildFile; fileRef = 3E744A432016C67200D4D95B /* RoundedShadowView.swift */; };
		3E744A462016C7FA00D4D95B /* CircleView.swift in Sources */ = {isa = PBXBuildFile; fileRef = 3E744A452016C7FA00D4D95B /* CircleView.swift */; };
		3E744A482016C9C800D4D95B /* RoundedShadowButton.swift in Sources */ = {isa = PBXBuildFile; fileRef = 3E744A472016C9C800D4D95B /* RoundedShadowButton.swift */; };
/* End PBXBuildFile section */

/* Begin PBXFileReference section */
		10541F242009840B16276413 /* Pods-RideShare.release.xcconfig */ = {isa = PBXFileReference; includeInIndex = 1; lastKnownFileType = text.xcconfig; name = "Pods-RideShare.release.xcconfig"; path = "Pods/Target Support Files/Pods-RideShare/Pods-RideShare.release.xcconfig"; sourceTree = "<group>"; };
		28F93EDBD1824BD5D0946663 /* Pods-RideShare.debug.xcconfig */ = {isa = PBXFileReference; includeInIndex = 1; lastKnownFileType = text.xcconfig; name = "Pods-RideShare.debug.xcconfig"; path = "Pods/Target Support Files/Pods-RideShare/Pods-RideShare.debug.xcconfig"; sourceTree = "<group>"; };
		3E10E667201C2A6300AE7758 /* LeftSidenPanelVC.swift */ = {isa = PBXFileReference; lastKnownFileType = sourcecode.swift; path = LeftSidenPanelVC.swift; sourceTree = "<group>"; };
		3E10E669201C2B3400AE7758 /* ContainerVC.swift */ = {isa = PBXFileReference; lastKnownFileType = sourcecode.swift; path = ContainerVC.swift; sourceTree = "<group>"; };
		3E10E66C201C2E8C00AE7758 /* CenterVCDelegate.swift */ = {isa = PBXFileReference; lastKnownFileType = sourcecode.swift; path = CenterVCDelegate.swift; sourceTree = "<group>"; };
		3E10E66F2020028000AE7758 /* UIVIewExt.swift */ = {isa = PBXFileReference; lastKnownFileType = sourcecode.swift; path = UIVIewExt.swift; sourceTree = "<group>"; };
		3E10E6712023FC1500AE7758 /* LoginVC.swift */ = {isa = PBXFileReference; lastKnownFileType = sourcecode.swift; path = LoginVC.swift; sourceTree = "<group>"; };
		3E744A272011735500D4D95B /* RideShare.app */ = {isa = PBXFileReference; explicitFileType = wrapper.application; includeInIndex = 0; path = RideShare.app; sourceTree = BUILT_PRODUCTS_DIR; };
		3E744A2A2011735500D4D95B /* AppDelegate.swift */ = {isa = PBXFileReference; lastKnownFileType = sourcecode.swift; path = AppDelegate.swift; sourceTree = "<group>"; };
		3E744A2C2011735500D4D95B /* HomeVC.swift */ = {isa = PBXFileReference; lastKnownFileType = sourcecode.swift; path = HomeVC.swift; sourceTree = "<group>"; };
		3E744A2F2011735500D4D95B /* Base */ = {isa = PBXFileReference; lastKnownFileType = file.storyboard; name = Base; path = Base.lproj/Main.storyboard; sourceTree = "<group>"; };
		3E744A312011735500D4D95B /* Assets.xcassets */ = {isa = PBXFileReference; lastKnownFileType = folder.assetcatalog; path = Assets.xcassets; sourceTree = "<group>"; };
		3E744A342011735500D4D95B /* Base */ = {isa = PBXFileReference; lastKnownFileType = file.storyboard; name = Base; path = Base.lproj/LaunchScreen.storyboard; sourceTree = "<group>"; };
		3E744A362011735500D4D95B /* Info.plist */ = {isa = PBXFileReference; lastKnownFileType = text.plist.xml; path = Info.plist; sourceTree = "<group>"; };
		3E744A3F2016BD0600D4D95B /* GradientView.swift */ = {isa = PBXFileReference; lastKnownFileType = sourcecode.swift; path = GradientView.swift; sourceTree = "<group>"; };
		3E744A412016C4BF00D4D95B /* RoundImageView.swift */ = {isa = PBXFileReference; lastKnownFileType = sourcecode.swift; path = RoundImageView.swift; sourceTree = "<group>"; };
		3E744A432016C67200D4D95B /* RoundedShadowView.swift */ = {isa = PBXFileReference; lastKnownFileType = sourcecode.swift; path = RoundedShadowView.swift; sourceTree = "<group>"; };
		3E744A452016C7FA00D4D95B /* CircleView.swift */ = {isa = PBXFileReference; lastKnownFileType = sourcecode.swift; path = CircleView.swift; sourceTree = "<group>"; };
		3E744A472016C9C800D4D95B /* RoundedShadowButton.swift */ = {isa = PBXFileReference; lastKnownFileType = sourcecode.swift; path = RoundedShadowButton.swift; sourceTree = "<group>"; };
		E78C4F866199D96FC489D5C4 /* Pods_RideShare.framework */ = {isa = PBXFileReference; explicitFileType = wrapper.framework; includeInIndex = 0; path = Pods_RideShare.framework; sourceTree = BUILT_PRODUCTS_DIR; };
/* End PBXFileReference section */

/* Begin PBXFrameworksBuildPhase section */
		3E744A242011735500D4D95B /* Frameworks */ = {
			isa = PBXFrameworksBuildPhase;
			buildActionMask = 2147483647;
			files = (
				1AFD151CC48E86A9BE13F6BF /* Pods_RideShare.framework in Frameworks */,
			);
			runOnlyForDeploymentPostprocessing = 0;
		};
/* End PBXFrameworksBuildPhase section */

/* Begin PBXGroup section */
		1C530DADE5B86BBA086D913A /* Pods */ = {
			isa = PBXGroup;
			children = (
				28F93EDBD1824BD5D0946663 /* Pods-RideShare.debug.xcconfig */,
				10541F242009840B16276413 /* Pods-RideShare.release.xcconfig */,
			);
			name = Pods;
			sourceTree = "<group>";
		};
		3E10E66B201C2E5100AE7758 /* Protocols */ = {
			isa = PBXGroup;
			children = (
				3E10E66C201C2E8C00AE7758 /* CenterVCDelegate.swift */,
			);
			path = Protocols;
			sourceTree = "<group>";
		};
		3E10E66E2020024C00AE7758 /* Extensions */ = {
			isa = PBXGroup;
			children = (
				3E10E66F2020028000AE7758 /* UIVIewExt.swift */,
			);
			path = Extensions;
			sourceTree = "<group>";
		};
		3E744A1E2011735500D4D95B = {
			isa = PBXGroup;
			children = (
				3E744A292011735500D4D95B /* RideShare */,
				3E744A282011735500D4D95B /* Products */,
				1C530DADE5B86BBA086D913A /* Pods */,
				E5ABB53CF5C7ED638269612E /* Frameworks */,
			);
			sourceTree = "<group>";
		};
		3E744A282011735500D4D95B /* Products */ = {
			isa = PBXGroup;
			children = (
				3E744A272011735500D4D95B /* RideShare.app */,
			);
			name = Products;
			sourceTree = "<group>";
		};
		3E744A292011735500D4D95B /* RideShare */ = {
			isa = PBXGroup;
			children = (
				3E10E66E2020024C00AE7758 /* Extensions */,
				3E10E66B201C2E5100AE7758 /* Protocols */,
				3E744A3E2016BCD900D4D95B /* View */,
				3E744A3D2016BCD000D4D95B /* Controller */,
				3E744A3C2016BCBF00D4D95B /* Model */,
				3E744A2A2011735500D4D95B /* AppDelegate.swift */,
				3E744A2E2011735500D4D95B /* Main.storyboard */,
				3E744A312011735500D4D95B /* Assets.xcassets */,
				3E744A332011735500D4D95B /* LaunchScreen.storyboard */,
				3E744A362011735500D4D95B /* Info.plist */,
			);
			path = RideShare;
			sourceTree = "<group>";
		};
		3E744A3C2016BCBF00D4D95B /* Model */ = {
			isa = PBXGroup;
			children = (
			);
			path = Model;
			sourceTree = "<group>";
		};
		3E744A3D2016BCD000D4D95B /* Controller */ = {
			isa = PBXGroup;
			children = (
				3E10E667201C2A6300AE7758 /* LeftSidenPanelVC.swift */,
				3E744A2C2011735500D4D95B /* HomeVC.swift */,
				3E10E669201C2B3400AE7758 /* ContainerVC.swift */,
				3E10E6712023FC1500AE7758 /* LoginVC.swift */,
			);
			path = Controller;
			sourceTree = "<group>";
		};
		3E744A3E2016BCD900D4D95B /* View */ = {
			isa = PBXGroup;
			children = (
				3E744A3F2016BD0600D4D95B /* GradientView.swift */,
				3E744A412016C4BF00D4D95B /* RoundImageView.swift */,
				3E744A432016C67200D4D95B /* RoundedShadowView.swift */,
				3E744A452016C7FA00D4D95B /* CircleView.swift */,
				3E744A472016C9C800D4D95B /* RoundedShadowButton.swift */,
			);
			path = View;
			sourceTree = "<group>";
		};
		E5ABB53CF5C7ED638269612E /* Frameworks */ = {
			isa = PBXGroup;
			children = (
				E78C4F866199D96FC489D5C4 /* Pods_RideShare.framework */,
			);
			name = Frameworks;
			sourceTree = "<group>";
		};
/* End PBXGroup section */

/* Begin PBXNativeTarget section */
		3E744A262011735500D4D95B /* RideShare */ = {
			isa = PBXNativeTarget;
			buildConfigurationList = 3E744A392011735500D4D95B /* Build configuration list for PBXNativeTarget "RideShare" */;
			buildPhases = (
				EE32B0C9D8A36AE5A998BC9E /* [CP] Check Pods Manifest.lock */,
				3E744A232011735500D4D95B /* Sources */,
				3E744A242011735500D4D95B /* Frameworks */,
				3E744A252011735500D4D95B /* Resources */,
				6A28041B50E555E79B5F5642 /* [CP] Embed Pods Frameworks */,
				4C0B1FA6D30A486C2C088FF1 /* [CP] Copy Pods Resources */,
			);
			buildRules = (
			);
			dependencies = (
			);
			name = RideShare;
			productName = RideShare;
			productReference = 3E744A272011735500D4D95B /* RideShare.app */;
			productType = "com.apple.product-type.application";
		};
/* End PBXNativeTarget section */

/* Begin PBXProject section */
		3E744A1F2011735500D4D95B /* Project object */ = {
			isa = PBXProject;
			attributes = {
				LastSwiftUpdateCheck = 0920;
				LastUpgradeCheck = 0920;
				ORGANIZATIONNAME = "adolfo reyes";
				TargetAttributes = {
					3E744A262011735500D4D95B = {
						CreatedOnToolsVersion = 9.2;
						ProvisioningStyle = Automatic;
					};
				};
			};
			buildConfigurationList = 3E744A222011735500D4D95B /* Build configuration list for PBXProject "RideShare" */;
			compatibilityVersion = "Xcode 8.0";
			developmentRegion = en;
			hasScannedForEncodings = 0;
			knownRegions = (
				en,
				Base,
			);
			mainGroup = 3E744A1E2011735500D4D95B;
			productRefGroup = 3E744A282011735500D4D95B /* Products */;
			projectDirPath = "";
			projectRoot = "";
			targets = (
				3E744A262011735500D4D95B /* RideShare */,
			);
		};
/* End PBXProject section */

/* Begin PBXResourcesBuildPhase section */
		3E744A252011735500D4D95B /* Resources */ = {
			isa = PBXResourcesBuildPhase;
			buildActionMask = 2147483647;
			files = (
				3E744A352011735500D4D95B /* LaunchScreen.storyboard in Resources */,
				3E744A322011735500D4D95B /* Assets.xcassets in Resources */,
				3E744A302011735500D4D95B /* Main.storyboard in Resources */,
			);
			runOnlyForDeploymentPostprocessing = 0;
		};
/* End PBXResourcesBuildPhase section */

/* Begin PBXShellScriptBuildPhase section */
		4C0B1FA6D30A486C2C088FF1 /* [CP] Copy Pods Resources */ = {
			isa = PBXShellScriptBuildPhase;
			buildActionMask = 2147483647;
			files = (
			);
			inputPaths = (
			);
			name = "[CP] Copy Pods Resources";
			outputPaths = (
			);
			runOnlyForDeploymentPostprocessing = 0;
			shellPath = /bin/sh;
			shellScript = "\"${SRCROOT}/Pods/Target Support Files/Pods-RideShare/Pods-RideShare-resources.sh\"\n";
			showEnvVarsInLog = 0;
		};
		6A28041B50E555E79B5F5642 /* [CP] Embed Pods Frameworks */ = {
			isa = PBXShellScriptBuildPhase;
			buildActionMask = 2147483647;
			files = (
			);
			inputPaths = (
				"${SRCROOT}/Pods/Target Support Files/Pods-RideShare/Pods-RideShare-frameworks.sh",
				"${BUILT_PRODUCTS_DIR}/GTMSessionFetcher/GTMSessionFetcher.framework",
				"${BUILT_PRODUCTS_DIR}/GoogleToolboxForMac/GoogleToolboxForMac.framework",
				"${BUILT_PRODUCTS_DIR}/RevealingSplashView/RevealingSplashView.framework",
				"${BUILT_PRODUCTS_DIR}/leveldb-library/leveldb.framework",
				"${BUILT_PRODUCTS_DIR}/nanopb/nanopb.framework",
			);
			name = "[CP] Embed Pods Frameworks";
			outputPaths = (
				"${TARGET_BUILD_DIR}/${FRAMEWORKS_FOLDER_PATH}/GTMSessionFetcher.framework",
				"${TARGET_BUILD_DIR}/${FRAMEWORKS_FOLDER_PATH}/GoogleToolboxForMac.framework",
				"${TARGET_BUILD_DIR}/${FRAMEWORKS_FOLDER_PATH}/RevealingSplashView.framework",
				"${TARGET_BUILD_DIR}/${FRAMEWORKS_FOLDER_PATH}/leveldb.framework",
				"${TARGET_BUILD_DIR}/${FRAMEWORKS_FOLDER_PATH}/nanopb.framework",
			);
			runOnlyForDeploymentPostprocessing = 0;
			shellPath = /bin/sh;
			shellScript = "\"${SRCROOT}/Pods/Target Support Files/Pods-RideShare/Pods-RideShare-frameworks.sh\"\n";
			showEnvVarsInLog = 0;
		};
		EE32B0C9D8A36AE5A998BC9E /* [CP] Check Pods Manifest.lock */ = {
			isa = PBXShellScriptBuildPhase;
			buildActionMask = 2147483647;
			files = (
			);
			inputPaths = (
				"${PODS_PODFILE_DIR_PATH}/Podfile.lock",
				"${PODS_ROOT}/Manifest.lock",
			);
			name = "[CP] Check Pods Manifest.lock";
			outputPaths = (
				"$(DERIVED_FILE_DIR)/Pods-RideShare-checkManifestLockResult.txt",
			);
			runOnlyForDeploymentPostprocessing = 0;
			shellPath = /bin/sh;
			shellScript = "diff \"${PODS_PODFILE_DIR_PATH}/Podfile.lock\" \"${PODS_ROOT}/Manifest.lock\" > /dev/null\nif [ $? != 0 ] ; then\n    # print error to STDERR\n    echo \"error: The sandbox is not in sync with the Podfile.lock. Run 'pod install' or update your CocoaPods installation.\" >&2\n    exit 1\nfi\n# This output is used by Xcode 'outputs' to avoid re-running this script phase.\necho \"SUCCESS\" > \"${SCRIPT_OUTPUT_FILE_0}\"\n";
			showEnvVarsInLog = 0;
		};
/* End PBXShellScriptBuildPhase section */

/* Begin PBXSourcesBuildPhase section */
		3E744A232011735500D4D95B /* Sources */ = {
			isa = PBXSourcesBuildPhase;
			buildActionMask = 2147483647;
			files = (
				3E10E66D201C2E8C00AE7758 /* CenterVCDelegate.swift in Sources */,
				3E10E668201C2A6300AE7758 /* LeftSidenPanelVC.swift in Sources */,
				3E10E6722023FC1600AE7758 /* LoginVC.swift in Sources */,
				3E744A482016C9C800D4D95B /* RoundedShadowButton.swift in Sources */,
				3E744A462016C7FA00D4D95B /* CircleView.swift in Sources */,
				3E10E66A201C2B3400AE7758 /* ContainerVC.swift in Sources */,
				3E10E6702020028000AE7758 /* UIVIewExt.swift in Sources */,
				3E744A2D2011735500D4D95B /* HomeVC.swift in Sources */,
				3E744A422016C4BF00D4D95B /* RoundImageView.swift in Sources */,
				3E744A442016C67200D4D95B /* RoundedShadowView.swift in Sources */,
				3E744A2B2011735500D4D95B /* AppDelegate.swift in Sources */,
				3E744A402016BD0600D4D95B /* GradientView.swift in Sources */,
			);
			runOnlyForDeploymentPostprocessing = 0;
		};
/* End PBXSourcesBuildPhase section */

/* Begin PBXVariantGroup section */
		3E744A2E2011735500D4D95B /* Main.storyboard */ = {
			isa = PBXVariantGroup;
			children = (
				3E744A2F2011735500D4D95B /* Base */,
			);
			name = Main.storyboard;
			sourceTree = "<group>";
		};
		3E744A332011735500D4D95B /* LaunchScreen.storyboard */ = {
			isa = PBXVariantGroup;
			children = (
				3E744A342011735500D4D95B /* Base */,
			);
			name = LaunchScreen.storyboard;
			sourceTree = "<group>";
		};
/* End PBXVariantGroup section */

/* Begin XCBuildConfiguration section */
		3E744A372011735500D4D95B /* Debug */ = {
			isa = XCBuildConfiguration;
			buildSettings = {
				ALWAYS_SEARCH_USER_PATHS = NO;
				CLANG_ANALYZER_NONNULL = YES;
				CLANG_ANALYZER_NUMBER_OBJECT_CONVERSION = YES_AGGRESSIVE;
				CLANG_CXX_LANGUAGE_STANDARD = "gnu++14";
				CLANG_CXX_LIBRARY = "libc++";
				CLANG_ENABLE_MODULES = YES;
				CLANG_ENABLE_OBJC_ARC = YES;
				CLANG_WARN_BLOCK_CAPTURE_AUTORELEASING = YES;
				CLANG_WARN_BOOL_CONVERSION = YES;
				CLANG_WARN_COMMA = YES;
				CLANG_WARN_CONSTANT_CONVERSION = YES;
				CLANG_WARN_DIRECT_OBJC_ISA_USAGE = YES_ERROR;
				CLANG_WARN_DOCUMENTATION_COMMENTS = YES;
				CLANG_WARN_EMPTY_BODY = YES;
				CLANG_WARN_ENUM_CONVERSION = YES;
				CLANG_WARN_INFINITE_RECURSION = YES;
				CLANG_WARN_INT_CONVERSION = YES;
				CLANG_WARN_NON_LITERAL_NULL_CONVERSION = YES;
				CLANG_WARN_OBJC_LITERAL_CONVERSION = YES;
				CLANG_WARN_OBJC_ROOT_CLASS = YES_ERROR;
				CLANG_WARN_RANGE_LOOP_ANALYSIS = YES;
				CLANG_WARN_STRICT_PROTOTYPES = YES;
				CLANG_WARN_SUSPICIOUS_MOVE = YES;
				CLANG_WARN_UNGUARDED_AVAILABILITY = YES_AGGRESSIVE;
				CLANG_WARN_UNREACHABLE_CODE = YES;
				CLANG_WARN__DUPLICATE_METHOD_MATCH = YES;
				CODE_SIGN_IDENTITY = "iPhone Developer";
				COPY_PHASE_STRIP = NO;
				DEBUG_INFORMATION_FORMAT = dwarf;
				ENABLE_STRICT_OBJC_MSGSEND = YES;
				ENABLE_TESTABILITY = YES;
				GCC_C_LANGUAGE_STANDARD = gnu11;
				GCC_DYNAMIC_NO_PIC = NO;
				GCC_NO_COMMON_BLOCKS = YES;
				GCC_OPTIMIZATION_LEVEL = 0;
				GCC_PREPROCESSOR_DEFINITIONS = (
					"DEBUG=1",
					"$(inherited)",
				);
				GCC_WARN_64_TO_32_BIT_CONVERSION = YES;
				GCC_WARN_ABOUT_RETURN_TYPE = YES_ERROR;
				GCC_WARN_UNDECLARED_SELECTOR = YES;
				GCC_WARN_UNINITIALIZED_AUTOS = YES_AGGRESSIVE;
				GCC_WARN_UNUSED_FUNCTION = YES;
				GCC_WARN_UNUSED_VARIABLE = YES;
				IPHONEOS_DEPLOYMENT_TARGET = 11.2;
				MTL_ENABLE_DEBUG_INFO = YES;
				ONLY_ACTIVE_ARCH = YES;
				SDKROOT = iphoneos;
				SWIFT_ACTIVE_COMPILATION_CONDITIONS = DEBUG;
				SWIFT_OPTIMIZATION_LEVEL = "-Onone";
			};
			name = Debug;
		};
		3E744A382011735500D4D95B /* Release */ = {
			isa = XCBuildConfiguration;
			buildSettings = {
				ALWAYS_SEARCH_USER_PATHS = NO;
				CLANG_ANALYZER_NONNULL = YES;
				CLANG_ANALYZER_NUMBER_OBJECT_CONVERSION = YES_AGGRESSIVE;
				CLANG_CXX_LANGUAGE_STANDARD = "gnu++14";
				CLANG_CXX_LIBRARY = "libc++";
				CLANG_ENABLE_MODULES = YES;
				CLANG_ENABLE_OBJC_ARC = YES;
				CLANG_WARN_BLOCK_CAPTURE_AUTORELEASING = YES;
				CLANG_WARN_BOOL_CONVERSION = YES;
				CLANG_WARN_COMMA = YES;
				CLANG_WARN_CONSTANT_CONVERSION = YES;
				CLANG_WARN_DIRECT_OBJC_ISA_USAGE = YES_ERROR;
				CLANG_WARN_DOCUMENTATION_COMMENTS = YES;
				CLANG_WARN_EMPTY_BODY = YES;
				CLANG_WARN_ENUM_CONVERSION = YES;
				CLANG_WARN_INFINITE_RECURSION = YES;
				CLANG_WARN_INT_CONVERSION = YES;
				CLANG_WARN_NON_LITERAL_NULL_CONVERSION = YES;
				CLANG_WARN_OBJC_LITERAL_CONVERSION = YES;
				CLANG_WARN_OBJC_ROOT_CLASS = YES_ERROR;
				CLANG_WARN_RANGE_LOOP_ANALYSIS = YES;
				CLANG_WARN_STRICT_PROTOTYPES = YES;
				CLANG_WARN_SUSPICIOUS_MOVE = YES;
				CLANG_WARN_UNGUARDED_AVAILABILITY = YES_AGGRESSIVE;
				CLANG_WARN_UNREACHABLE_CODE = YES;
				CLANG_WARN__DUPLICATE_METHOD_MATCH = YES;
				CODE_SIGN_IDENTITY = "iPhone Developer";
				COPY_PHASE_STRIP = NO;
				DEBUG_INFORMATION_FORMAT = "dwarf-with-dsym";
				ENABLE_NS_ASSERTIONS = NO;
				ENABLE_STRICT_OBJC_MSGSEND = YES;
				GCC_C_LANGUAGE_STANDARD = gnu11;
				GCC_NO_COMMON_BLOCKS = YES;
				GCC_WARN_64_TO_32_BIT_CONVERSION = YES;
				GCC_WARN_ABOUT_RETURN_TYPE = YES_ERROR;
				GCC_WARN_UNDECLARED_SELECTOR = YES;
				GCC_WARN_UNINITIALIZED_AUTOS = YES_AGGRESSIVE;
				GCC_WARN_UNUSED_FUNCTION = YES;
				GCC_WARN_UNUSED_VARIABLE = YES;
				IPHONEOS_DEPLOYMENT_TARGET = 11.2;
				MTL_ENABLE_DEBUG_INFO = NO;
				SDKROOT = iphoneos;
				SWIFT_OPTIMIZATION_LEVEL = "-Owholemodule";
				VALIDATE_PRODUCT = YES;
			};
			name = Release;
		};
		3E744A3A2011735500D4D95B /* Debug */ = {
			isa = XCBuildConfiguration;
			baseConfigurationReference = 28F93EDBD1824BD5D0946663 /* Pods-RideShare.debug.xcconfig */;
			buildSettings = {
				ASSETCATALOG_COMPILER_APPICON_NAME = AppIcon;
				CODE_SIGN_STYLE = Automatic;
				DEVELOPMENT_TEAM = 5HY98849N4;
				INFOPLIST_FILE = RideShare/Info.plist;
				LD_RUNPATH_SEARCH_PATHS = "$(inherited) @executable_path/Frameworks";
				PRODUCT_BUNDLE_IDENTIFIER = com.adolforeyes.RideShare;
				PRODUCT_NAME = "$(TARGET_NAME)";
				SWIFT_VERSION = 4.0;
				TARGETED_DEVICE_FAMILY = "1,2";
			};
			name = Debug;
		};
		3E744A3B2011735500D4D95B /* Release */ = {
			isa = XCBuildConfiguration;
			baseConfigurationReference = 10541F242009840B16276413 /* Pods-RideShare.release.xcconfig */;
			buildSettings = {
				ASSETCATALOG_COMPILER_APPICON_NAME = AppIcon;
				CODE_SIGN_STYLE = Automatic;
				DEVELOPMENT_TEAM = 5HY98849N4;
				INFOPLIST_FILE = RideShare/Info.plist;
				LD_RUNPATH_SEARCH_PATHS = "$(inherited) @executable_path/Frameworks";
				PRODUCT_BUNDLE_IDENTIFIER = com.adolforeyes.RideShare;
				PRODUCT_NAME = "$(TARGET_NAME)";
				SWIFT_VERSION = 4.0;
				TARGETED_DEVICE_FAMILY = "1,2";
			};
			name = Release;
		};
/* End XCBuildConfiguration section */

/* Begin XCConfigurationList section */
		3E744A222011735500D4D95B /* Build configuration list for PBXProject "RideShare" */ = {
			isa = XCConfigurationList;
			buildConfigurations = (
				3E744A372011735500D4D95B /* Debug */,
				3E744A382011735500D4D95B /* Release */,
			);
			defaultConfigurationIsVisible = 0;
			defaultConfigurationName = Release;
		};
		3E744A392011735500D4D95B /* Build configuration list for PBXNativeTarget "RideShare" */ = {
			isa = XCConfigurationList;
			buildConfigurations = (
				3E744A3A2011735500D4D95B /* Debug */,
				3E744A3B2011735500D4D95B /* Release */,
			);
			defaultConfigurationIsVisible = 0;
			defaultConfigurationName = Release;
		};
/* End XCConfigurationList section */
	};
	rootObject = 3E744A1F2011735500D4D95B /* Project object */;
}
